{
  "nodes": {
    "delivery": {
      "inputs": {
        "nix-gleam": "nix-gleam",
        "nixpkgs": "nixpkgs"
      },
      "locked": {
        "path": "./delivery",
        "type": "path"
      },
      "original": {
        "path": "./delivery",
        "type": "path"
      },
      "parent": []
    },
    "factory": {
      "inputs": {
        "nixpkgs": "nixpkgs_2"
      },
      "locked": {
        "path": "./factory",
        "type": "path"
      },
      "original": {
        "path": "./factory",
        "type": "path"
      },
      "parent": []
    },
    "highlightjs": {
      "flake": false,
      "locked": {
        "lastModified": 1788126514,
        "narHash": "sha256-fytVHNMuhlriUueVFleYaKGUmODlgvoJmAD1WEQJBXo=",
        "owner": "highlightjs",
        "repo": "highlight.js",
        "rev": "fc3f06392f189354eed922973635ab9e9268b983",
        "type": "github"
      },
      "original": {
        "owner": "highlightjs",
        "repo": "highlight.js",
        "type": "github"
      }
    },
    "library": {
      "inputs": {
        "nixpkgs": "nixpkgs_3"
      },
      "locked": {
        "path": "./library",
        "type": "path"
      },
      "original": {
        "path": "./library",
        "type": "path"
      },
      "parent": []
    },
    "modern-normalize": {
      "flake": false,
      "locked": {
        "lastModified": 1782389672,
        "narHash": "sha256-F4YakeLsfIfh45ksLQB3jdorQtcxA0Reto8NtlnflaM=",
        "owner": "sindresorhus",
        "repo": "modern-normalize",
        "rev": "27c3f5fe3109b4041a835a0fa569e09c77022bf8",
        "type": "github"
      },
      "original": {
        "owner": "sindresorhus",
        "repo": "modern-normalize",
        "type": "github"
      }
    },
    "nix-gleam": {
      "locked": {
        "lastModified": 1756764470,
        "narHash": "sha256-s7/R8N6fmQvIskvVl1x6hZaVw+/PZOM2A2p+v8qTz+s=",
        "owner": "arnarg",
        "repo": "nix-gleam",
        "rev": "72f87c8f8cf582784b8007cef9ca4c2dc3d568ed",
        "type": "github"
      },
      "original": {
        "owner": "arnarg",
        "repo": "nix-gleam",
        "type": "github"
      }
    },
    "nixpkgs": {
      "locked": {
        "lastModified": 1760038930,
        "narHash": "sha256-Oncbh0UmHjSlxO7ErQDM3KM0A5/Znfofj2BSzlHLeVw=",
        "owner": "NixOS",
        "repo": "nixpkgs",
        "rev": "0b4defa2584313f3b781240b29d61f6f9f7e0df3",
        "type": "github"
      },
      "original": {
        "id": "nixpkgs",
        "ref": "nixos-unstable",
        "type": "indirect"
      }
    },
    "nixpkgs_2": {
      "locked": {
        "lastModified": 1774106199,
        "narHash": "sha256-US5Tda2sKmjrg2lNHQL3jRQ6p96cgfWh3J1QBliQ8Ws=",
        "owner": "NixOS",
        "repo": "nixpkgs",
        "rev": "6c9a78c09ff4d6c21d0319114873508a6ec01655",
        "type": "github"
      },
      "original": {
        "id": "nixpkgs",
        "ref": "nixos-unstable",
        "type": "indirect"
      }
    },
    "nixpkgs_3": {
      "locked": {
        "lastModified": 1760038930,
        "narHash": "sha256-Oncbh0UmHjSlxO7ErQDM3KM0A5/Znfofj2BSzlHLeVw=",
        "owner": "NixOS",
        "repo": "nixpkgs",
        "rev": "0b4defa2584313f3b781240b29d61f6f9f7e0df3",
        "type": "github"
      },
      "original": {
        "id": "nixpkgs",
        "ref": "nixos-unstable",
        "type": "indirect"
      }
    },
    "nixpkgs_4": {
      "locked": {
        "lastModified": 1788179007,
        "narHash": "sha256-maQBa7XmWJ+a6te4QwF++R1FIXUrjvki0AtGOOhyZn0=",
        "rev": "34ab99075ac4f7e40cf037eef32cb1c360bb85e9",
        "type": "tarball",
        "url": "https://releases.nixos.org/nixos/unstable/nixos-26.11pre1064949.34ab99075ac4/nixexprs.tar.xz"
      },
      "original": {
        "id": "nixpkgs",
        "ref": "nixos-unstable",
        "type": "indirect"
      }
    },
    "root": {
      "inputs": {
        "delivery": "delivery",
        "factory": "factory",
        "highlightjs": "highlightjs",
        "library": "library",
        "modern-normalize": "modern-normalize",
        "nixpkgs": "nixpkgs_4"
      }
    }
  },
  "root": "root",
  "version": 7
}
