{
  "nodes": {
    "delivery": {
      "inputs": {
        "nix-gleam": "nix-gleam",
        "nixpkgs": "nixpkgs"
      },
      "locked": {
        "path": "./delivery",
        "type": "path"
      },
      "original": {
        "path": "./delivery",
        "type": "path"
      },
      "parent": []
    },
    "factory": {
      "inputs": {
        "nixpkgs": "nixpkgs_2"
      },
      "locked": {
        "path": "./factory",
        "type": "path"
      },
      "original": {
        "path": "./factory",
        "type": "path"
      },
      "parent": []
    },
    "highlightjs": {
      "flake": false,
      "locked": {
        "lastModified": 1751850041,
        "narHash": "sha256-koD2R5igH/8QujYyPo8iTC4FunBEbdsxkN+1qIlK3aA=",
        "owner": "highlightjs",
        "repo": "highlight.js",
        "rev": "5697ae5187746c24732e62cd625f3f83004a44ce",
        "type": "github"
      },
      "original": {
        "owner": "highlightjs",
        "repo": "highlight.js",
        "type": "github"
      }
    },
    "library": {
      "inputs": {
        "nixpkgs": "nixpkgs_3"
      },
      "locked": {
        "path": "./library",
        "type": "path"
      },
      "original": {
        "path": "./library",
        "type": "path"
      },
      "parent": []
    },
    "modern-normalize": {
      "flake": false,
      "locked": {
        "lastModified": 1736590245,
        "narHash": "sha256-whlykIRODly3cedYFy0p5ISpKD5/Visk4vpTfa1oaL0=",
        "owner": "sindresorhus",
        "repo": "modern-normalize",
        "rev": "ba66c6fe35c7ae33954120c73e69d57de4249a0b",
        "type": "github"
      },
      "original": {
        "owner": "sindresorhus",
        "repo": "modern-normalize",
        "type": "github"
      }
    },
    "nix-gleam": {
      "locked": {
        "lastModified": 1756764470,
        "narHash": "sha256-s7/R8N6fmQvIskvVl1x6hZaVw+/PZOM2A2p+v8qTz+s=",
        "owner": "arnarg",
        "repo": "nix-gleam",
        "rev": "72f87c8f8cf582784b8007cef9ca4c2dc3d568ed",
        "type": "github"
      },
      "original": {
        "owner": "arnarg",
        "repo": "nix-gleam",
        "type": "github"
      }
    },
    "nixpkgs": {
      "locked": {
        "lastModified": 1760038930,
        "narHash": "sha256-Oncbh0UmHjSlxO7ErQDM3KM0A5/Znfofj2BSzlHLeVw=",
        "owner": "NixOS",
        "repo": "nixpkgs",
        "rev": "0b4defa2584313f3b781240b29d61f6f9f7e0df3",
        "type": "github"
      },
      "original": {
        "id": "nixpkgs",
        "ref": "nixos-unstable",
        "type": "indirect"
      }
    },
    "nixpkgs_2": {
      "locked": {
        "lastModified": 1760038930,
        "narHash": "sha256-Oncbh0UmHjSlxO7ErQDM3KM0A5/Znfofj2BSzlHLeVw=",
        "owner": "NixOS",
        "repo": "nixpkgs",
        "rev": "0b4defa2584313f3b781240b29d61f6f9f7e0df3",
        "type": "github"
      },
      "original": {
        "id": "nixpkgs",
        "ref": "nixos-unstable",
        "type": "indirect"
      }
    },
    "nixpkgs_3": {
      "locked": {
        "lastModified": 1760038930,
        "narHash": "sha256-Oncbh0UmHjSlxO7ErQDM3KM0A5/Znfofj2BSzlHLeVw=",
        "owner": "NixOS",
        "repo": "nixpkgs",
        "rev": "0b4defa2584313f3b781240b29d61f6f9f7e0df3",
        "type": "github"
      },
      "original": {
        "id": "nixpkgs",
        "ref": "nixos-unstable",
        "type": "indirect"
      }
    },
    "nixpkgs_4": {
      "locked": {
        "lastModified": 1760038930,
        "narHash": "sha256-Oncbh0UmHjSlxO7ErQDM3KM0A5/Znfofj2BSzlHLeVw=",
        "owner": "NixOS",
        "repo": "nixpkgs",
        "rev": "0b4defa2584313f3b781240b29d61f6f9f7e0df3",
        "type": "github"
      },
      "original": {
        "id": "nixpkgs",
        "ref": "nixos-unstable",
        "type": "indirect"
      }
    },
    "root": {
      "inputs": {
        "delivery": "delivery",
        "factory": "factory",
        "highlightjs": "highlightjs",
        "library": "library",
        "modern-normalize": "modern-normalize",
        "nixpkgs": "nixpkgs_4"
      }
    }
  },
  "root": "root",
  "version": 7
}
