{
  "nodes": {
    "delivery": {
      "inputs": {
        "nix-gleam": "nix-gleam",
        "nixpkgs": "nixpkgs_2"
      },
      "locked": {
        "path": "./delivery",
        "type": "path"
      },
      "original": {
        "path": "./delivery",
        "type": "path"
      },
      "parent": []
    },
    "factory": {
      "inputs": {
        "nixpkgs": "nixpkgs_3"
      },
      "locked": {
        "path": "./factory",
        "type": "path"
      },
      "original": {
        "path": "./factory",
        "type": "path"
      },
      "parent": []
    },
    "highlightjs": {
      "flake": false,
      "locked": {
        "lastModified": 1788126514,
        "narHash": "sha256-fytVHNMuhlriUueVFleYaKGUmODlgvoJmAD1WEQJBXo=",
        "owner": "highlightjs",
        "repo": "highlight.js",
        "rev": "fc3f06392f189354eed922973635ab9e9268b983",
        "type": "github"
      },
      "original": {
        "owner": "highlightjs",
        "repo": "highlight.js",
        "type": "github"
      }
    },
    "library": {
      "inputs": {
        "nixpkgs": "nixpkgs_4"
      },
      "locked": {
        "path": "./library",
        "type": "path"
      },
      "original": {
        "path": "./library",
        "type": "path"
      },
      "parent": []
    },
    "modern-normalize": {
      "flake": false,
      "locked": {
        "lastModified": 1782389672,
        "narHash": "sha256-F4YakeLsfIfh45ksLQB3jdorQtcxA0Reto8NtlnflaM=",
        "owner": "sindresorhus",
        "repo": "modern-normalize",
        "rev": "27c3f5fe3109b4041a835a0fa569e09c77022bf8",
        "type": "github"
      },
      "original": {
        "owner": "sindresorhus",
        "repo": "modern-normalize",
        "type": "github"
      }
    },
    "nix-gleam": {
      "inputs": {
        "nixpkgs": "nixpkgs"
      },
      "locked": {
        "lastModified": 1788813684,
        "narHash": "sha256-C3yUSP3F9CZUaBs0eqZYgFhG568rb3oY+uHBxjDFbAE=",
        "owner": "arnarg",
        "repo": "nix-gleam",
        "rev": "01aa33464164f8ebe8765946574b4c3bdf60fcd7",
        "type": "github"
      },
      "original": {
        "owner": "arnarg",
        "repo": "nix-gleam",
        "type": "github"
      }
    },
    "nixpkgs": {
      "locked": {
        "lastModified": 1781577229,
        "narHash": "sha256-lrp67w8AulE9Ks53n27I45ADSzbOCn4H+CNW1Ck8B+8=",
        "owner": "nixos",
        "repo": "nixpkgs",
        "rev": "567a49d1913ce81ac6e9582e3553dd90a955875f",
        "type": "github"
      },
      "original": {
        "owner": "nixos",
        "ref": "nixos-unstable",
        "repo": "nixpkgs",
        "type": "github"
      }
    },
    "nixpkgs_2": {
      "locked": {
        "lastModified": 1789286504,
        "narHash": "sha256-3i80JnZ9pZ7tWReb/Sqpc32cfzffCu8TWLnbnH0hN9c=",
        "rev": "ef34387ddd751e1ab8857adf4676492d32eb24ec",
        "type": "tarball",
        "url": "https://releases.nixos.org/nixos/unstable/nixos-26.11pre1073009.ef34387ddd75/nixexprs.tar.zst"
      },
      "original": {
        "id": "nixpkgs",
        "ref": "nixos-unstable",
        "type": "indirect"
      }
    },
    "nixpkgs_3": {
      "locked": {
        "lastModified": 1789286504,
        "narHash": "sha256-3i80JnZ9pZ7tWReb/Sqpc32cfzffCu8TWLnbnH0hN9c=",
        "rev": "ef34387ddd751e1ab8857adf4676492d32eb24ec",
        "type": "tarball",
        "url": "https://releases.nixos.org/nixos/unstable/nixos-26.11pre1073009.ef34387ddd75/nixexprs.tar.zst"
      },
      "original": {
        "id": "nixpkgs",
        "ref": "nixos-unstable",
        "type": "indirect"
      }
    },
    "nixpkgs_4": {
      "locked": {
        "lastModified": 1789286504,
        "narHash": "sha256-3i80JnZ9pZ7tWReb/Sqpc32cfzffCu8TWLnbnH0hN9c=",
        "rev": "ef34387ddd751e1ab8857adf4676492d32eb24ec",
        "type": "tarball",
        "url": "https://releases.nixos.org/nixos/unstable/nixos-26.11pre1073009.ef34387ddd75/nixexprs.tar.zst"
      },
      "original": {
        "id": "nixpkgs",
        "ref": "nixos-unstable",
        "type": "indirect"
      }
    },
    "nixpkgs_5": {
      "locked": {
        "lastModified": 1789286504,
        "narHash": "sha256-3i80JnZ9pZ7tWReb/Sqpc32cfzffCu8TWLnbnH0hN9c=",
        "rev": "ef34387ddd751e1ab8857adf4676492d32eb24ec",
        "type": "tarball",
        "url": "https://releases.nixos.org/nixos/unstable/nixos-26.11pre1073009.ef34387ddd75/nixexprs.tar.zst"
      },
      "original": {
        "id": "nixpkgs",
        "ref": "nixos-unstable",
        "type": "indirect"
      }
    },
    "root": {
      "inputs": {
        "delivery": "delivery",
        "factory": "factory",
        "highlightjs": "highlightjs",
        "library": "library",
        "modern-normalize": "modern-normalize",
        "nixpkgs": "nixpkgs_5"
      }
    }
  },
  "root": "root",
  "version": 7
}
